
Microsoft Visual Studio Solution File, Format Version 12.00
# Visual Studio Version 17
VisualStudioVersion = 17.9.34728.123
MinimumVisualStudioVersion = 10.0.40219.1
Project("{888888A0-9F3D-457C-B088-3A5042F75D52}") = "lab52", "lab52\lab52.pyproj", "{9A210F8B-660A-4E70-A520-AB79BA413945}"
EndProject
Global
	GlobalSection(SolutionConfigurationPlatforms) = preSolution
		Debug|Any CPU = Debug|Any CPU
		Release|Any CPU = Release|Any CPU
	EndGlobalSection
	GlobalSection(ProjectConfigurationPlatforms) = postSolution
		{9A210F8B-660A-4E70-A520-AB79BA413945}.Debug|Any CPU.ActiveCfg = Debug|Any CPU
		{9A210F8B-660A-4E70-A520-AB79BA413945}.Debug|Any CPU.Build.0 = Debug|Any CPU
		{9A210F8B-660A-4E70-A520-AB79BA413945}.Release|Any CPU.ActiveCfg = Release|Any CPU
		{9A210F8B-660A-4E70-A520-AB79BA413945}.Release|Any CPU.Build.0 = Release|Any CPU
	EndGlobalSection
	GlobalSection(SolutionProperties) = preSolution
		HideSolutionNode = FALSE
	EndGlobalSection
	GlobalSection(ExtensibilityGlobals) = postSolution
		SolutionGuid = {995826CD-BDC9-422B-9379-1EA24AE68536}
	EndGlobalSection
EndGlobal
